
Microsoft Visual Studio Solution File, Format Version 12.00
# Visual Studio Version 17
VisualStudioVersion = 17.0.31903.59
MinimumVisualStudioVersion = 10.0.40219.1
Project("{FAE04EC0-301F-11D3-BF4B-00C04F79EFBC}") = "WebSock", "WebSock\WebSock.csproj", "{A126ACC7-5083-4025-9F86-AEC48B4CA0AF}"
EndProject
Project("{FAE04EC0-301F-11D3-BF4B-00C04F79EFBC}") = "WebSock.Tests", "WebSock.Tests\WebSock.Tests.csproj", "{F4C520DC-4BAF-4D1F-A403-FF0F95B54B5A}"
EndProject
Project("{FAE04EC0-301F-11D3-BF4B-00C04F79EFBC}") = "WebSock.AspNetCore", "WebSock.AspNetCore\WebSock.AspNetCore.csproj", "{E7C57D6E-D5ED-400D-B97B-EEA623BB216C}"
EndProject
Project("{FAE04EC0-301F-11D3-BF4B-00C04F79EFBC}") = "WebSock.AspNetCore.Tests", "WebSock.AspNetCore.Tests\WebSock.AspNetCore.Tests.csproj", "{132FA3B5-A2FB-4999-BA71-29AF3B3CC115}"
EndProject
Project("{FAE04EC0-301F-11D3-BF4B-00C04F79EFBC}") = "WebSock.Abstractions", "WebSock.Abstractions\WebSock.Abstractions.csproj", "{FFF680AA-DA9B-4FEB-A959-0D038716EBF5}"
EndProject
Project("{FAE04EC0-301F-11D3-BF4B-00C04F79EFBC}") = "WebSock.Abstractions.Tests", "WebSock.Abstractions.Tests\WebSock.Abstractions.Tests.csproj", "{9931AD3F-5C0F-4913-8B5B-EDAA81FC90BE}"
EndProject
Global
	GlobalSection(SolutionConfigurationPlatforms) = preSolution
		Debug|Any CPU = Debug|Any CPU
		Release|Any CPU = Release|Any CPU
	EndGlobalSection
	GlobalSection(SolutionProperties) = preSolution
		HideSolutionNode = FALSE
	EndGlobalSection
	GlobalSection(ProjectConfigurationPlatforms) = postSolution
		{A126ACC7-5083-4025-9F86-AEC48B4CA0AF}.Debug|Any CPU.ActiveCfg = Debug|Any CPU
		{A126ACC7-5083-4025-9F86-AEC48B4CA0AF}.Debug|Any CPU.Build.0 = Debug|Any CPU
		{A126ACC7-5083-4025-9F86-AEC48B4CA0AF}.Release|Any CPU.ActiveCfg = Release|Any CPU
		{A126ACC7-5083-4025-9F86-AEC48B4CA0AF}.Release|Any CPU.Build.0 = Release|Any CPU
		{F4C520DC-4BAF-4D1F-A403-FF0F95B54B5A}.Debug|Any CPU.ActiveCfg = Debug|Any CPU
		{F4C520DC-4BAF-4D1F-A403-FF0F95B54B5A}.Debug|Any CPU.Build.0 = Debug|Any CPU
		{F4C520DC-4BAF-4D1F-A403-FF0F95B54B5A}.Release|Any CPU.ActiveCfg = Release|Any CPU
		{F4C520DC-4BAF-4D1F-A403-FF0F95B54B5A}.Release|Any CPU.Build.0 = Release|Any CPU
		{E7C57D6E-D5ED-400D-B97B-EEA623BB216C}.Debug|Any CPU.ActiveCfg = Debug|Any CPU
		{E7C57D6E-D5ED-400D-B97B-EEA623BB216C}.Debug|Any CPU.Build.0 = Debug|Any CPU
		{E7C57D6E-D5ED-400D-B97B-EEA623BB216C}.Release|Any CPU.ActiveCfg = Release|Any CPU
		{E7C57D6E-D5ED-400D-B97B-EEA623BB216C}.Release|Any CPU.Build.0 = Release|Any CPU
		{132FA3B5-A2FB-4999-BA71-29AF3B3CC115}.Debug|Any CPU.ActiveCfg = Debug|Any CPU
		{132FA3B5-A2FB-4999-BA71-29AF3B3CC115}.Debug|Any CPU.Build.0 = Debug|Any CPU
		{132FA3B5-A2FB-4999-BA71-29AF3B3CC115}.Release|Any CPU.ActiveCfg = Release|Any CPU
		{132FA3B5-A2FB-4999-BA71-29AF3B3CC115}.Release|Any CPU.Build.0 = Release|Any CPU
		{FFF680AA-DA9B-4FEB-A959-0D038716EBF5}.Debug|Any CPU.ActiveCfg = Debug|Any CPU
		{FFF680AA-DA9B-4FEB-A959-0D038716EBF5}.Debug|Any CPU.Build.0 = Debug|Any CPU
		{FFF680AA-DA9B-4FEB-A959-0D038716EBF5}.Release|Any CPU.ActiveCfg = Release|Any CPU
		{FFF680AA-DA9B-4FEB-A959-0D038716EBF5}.Release|Any CPU.Build.0 = Release|Any CPU
		{9931AD3F-5C0F-4913-8B5B-EDAA81FC90BE}.Debug|Any CPU.ActiveCfg = Debug|Any CPU
		{9931AD3F-5C0F-4913-8B5B-EDAA81FC90BE}.Debug|Any CPU.Build.0 = Debug|Any CPU
		{9931AD3F-5C0F-4913-8B5B-EDAA81FC90BE}.Release|Any CPU.ActiveCfg = Release|Any CPU
		{9931AD3F-5C0F-4913-8B5B-EDAA81FC90BE}.Release|Any CPU.Build.0 = Release|Any CPU
	EndGlobalSection
EndGlobal
